// !$*UTF8*$!
{
	archiveVersion = 1;
	classes = {
	};
	objectVersion = 56;
	objects = {

/* Begin PBXBuildFile section */
		DF4DB5A92BF79058003FA949 /* muglanApp.swift in Sources */ = {isa = PBXBuildFile; fileRef = DF4DB5A82BF79058003FA949 /* muglanApp.swift */; };
		DF4DB5AB2BF79058003FA949 /* MainView.swift in Sources */ = {isa = PBXBuildFile; fileRef = DF4DB5AA2BF79058003FA949 /* MainView.swift */; };
		DF4DB5AD2BF7905A003FA949 /* Assets.xcassets in Resources */ = {isa = PBXBuildFile; fileRef = DF4DB5AC2BF7905A003FA949 /* Assets.xcassets */; };
		DF4DB5B02BF7905A003FA949 /* Preview Assets.xcassets in Resources */ = {isa = PBXBuildFile; fileRef = DF4DB5AF2BF7905A003FA949 /* Preview Assets.xcassets */; };
		DF4DB5BA2BF7905A003FA949 /* muglanTests.swift in Sources */ = {isa = PBXBuildFile; fileRef = DF4DB5B92BF7905A003FA949 /* muglanTests.swift */; };
		DF4DB5C42BF7905A003FA949 /* muglanUITests.swift in Sources */ = {isa = PBXBuildFile; fileRef = DF4DB5C32BF7905A003FA949 /* muglanUITests.swift */; };
		DF4DB5C62BF7905A003FA949 /* muglanUITestsLaunchTests.swift in Sources */ = {isa = PBXBuildFile; fileRef = DF4DB5C52BF7905A003FA949 /* muglanUITestsLaunchTests.swift */; };
		DF4DB5D42BF79160003FA949 /* FirebaseAuth in Frameworks */ = {isa = PBXBuildFile; productRef = DF4DB5D32BF79160003FA949 /* FirebaseAuth */; };
		DF4DB5D62BF79160003FA949 /* FirebaseFirestore in Frameworks */ = {isa = PBXBuildFile; productRef = DF4DB5D52BF79160003FA949 /* FirebaseFirestore */; };
		DF4DB5D82BF79160003FA949 /* FirebaseFirestoreSwift in Frameworks */ = {isa = PBXBuildFile; productRef = DF4DB5D72BF79160003FA949 /* FirebaseFirestoreSwift */; };
		DF4DB5DA2BF7927E003FA949 /* GoogleService-Info.plist in Resources */ = {isa = PBXBuildFile; fileRef = DF4DB5D92BF7927E003FA949 /* GoogleService-Info.plist */; };
		DF4DB5E02BF796F3003FA949 /* LoginView.swift in Sources */ = {isa = PBXBuildFile; fileRef = DF4DB5DF2BF796F3003FA949 /* LoginView.swift */; };
		DF4DB5E22BF796FD003FA949 /* SignupView.swift in Sources */ = {isa = PBXBuildFile; fileRef = DF4DB5E12BF796FD003FA949 /* SignupView.swift */; };
		DF4DB5E42BF79718003FA949 /* JobListView.swift in Sources */ = {isa = PBXBuildFile; fileRef = DF4DB5E32BF79717003FA949 /* JobListView.swift */; };
		DF4DB5E62BF79721003FA949 /* AddPostView.swift in Sources */ = {isa = PBXBuildFile; fileRef = DF4DB5E52BF79721003FA949 /* AddPostView.swift */; };
		DF4DB5E82BF79728003FA949 /* ProfileView.swift in Sources */ = {isa = PBXBuildFile; fileRef = DF4DB5E72BF79728003FA949 /* ProfileView.swift */; };
		DF4DB5EA2BF79733003FA949 /* JobDetailsView.swift in Sources */ = {isa = PBXBuildFile; fileRef = DF4DB5E92BF79733003FA949 /* JobDetailsView.swift */; };
		DF4DB5EC2BF797AC003FA949 /* ItemView.swift in Sources */ = {isa = PBXBuildFile; fileRef = DF4DB5EB2BF797AC003FA949 /* ItemView.swift */; };
		DF4DB5EE2BF7984E003FA949 /* User.swift in Sources */ = {isa = PBXBuildFile; fileRef = DF4DB5ED2BF7984E003FA949 /* User.swift */; };
		DF4DB5F02BF79856003FA949 /* Post.swift in Sources */ = {isa = PBXBuildFile; fileRef = DF4DB5EF2BF79856003FA949 /* Post.swift */; };
		DF4DB5F22BF798AF003FA949 /* MainViewViewModel.swift in Sources */ = {isa = PBXBuildFile; fileRef = DF4DB5F12BF798AF003FA949 /* MainViewViewModel.swift */; };
		DF4DB5F42BF798C0003FA949 /* LoginViewViewModel.swift in Sources */ = {isa = PBXBuildFile; fileRef = DF4DB5F32BF798C0003FA949 /* LoginViewViewModel.swift */; };
		DF4DB5F62BF798CB003FA949 /* SignupViewViewModel.swift in Sources */ = {isa = PBXBuildFile; fileRef = DF4DB5F52BF798CB003FA949 /* SignupViewViewModel.swift */; };
		DF4DB5F82BF798D8003FA949 /* JobListViewModel.swift in Sources */ = {isa = PBXBuildFile; fileRef = DF4DB5F72BF798D8003FA949 /* JobListViewModel.swift */; };
		DF4DB5FA2BF798E5003FA949 /* AddPostViewViewModel.swift in Sources */ = {isa = PBXBuildFile; fileRef = DF4DB5F92BF798E5003FA949 /* AddPostViewViewModel.swift */; };
		DF4DB5FC2BF798F0003FA949 /* ProfileViewViewModel.swift in Sources */ = {isa = PBXBuildFile; fileRef = DF4DB5FB2BF798F0003FA949 /* ProfileViewViewModel.swift */; };
		DF4DB5FE2BF798FC003FA949 /* JobDetailsViewViewModel.swift in Sources */ = {isa = PBXBuildFile; fileRef = DF4DB5FD2BF798FC003FA949 /* JobDetailsViewViewModel.swift */; };
		DF4DB6002BF7990F003FA949 /* ItemViewViewModel.swift in Sources */ = {isa = PBXBuildFile; fileRef = DF4DB5FF2BF7990F003FA949 /* ItemViewViewModel.swift */; };
		DF4DB6022BF79DCB003FA949 /* HeaderView.swift in Sources */ = {isa = PBXBuildFile; fileRef = DF4DB6012BF79DCB003FA949 /* HeaderView.swift */; };
		DF4DB6042BF7AAC3003FA949 /* MgButton.swift in Sources */ = {isa = PBXBuildFile; fileRef = DF4DB6032BF7AAC3003FA949 /* MgButton.swift */; };
		DF4DB6062BF7B6E3003FA949 /* Extensions.swift in Sources */ = {isa = PBXBuildFile; fileRef = DF4DB6052BF7B6E3003FA949 /* Extensions.swift */; };
		DF55E4E22BF85A64000633BF /* Launch Screen.storyboard in Resources */ = {isa = PBXBuildFile; fileRef = DF55E4E12BF85A64000633BF /* Launch Screen.storyboard */; };
		DF55E4E42BF8E56D000633BF /* SearchAndFilter.swift in Sources */ = {isa = PBXBuildFile; fileRef = DF55E4E32BF8E56D000633BF /* SearchAndFilter.swift */; };
		DF55E4E62BF907DE000633BF /* SearchView.swift in Sources */ = {isa = PBXBuildFile; fileRef = DF55E4E52BF907DE000633BF /* SearchView.swift */; };
		DF55E4EA2BF93613000633BF /* MailView.swift in Sources */ = {isa = PBXBuildFile; fileRef = DF55E4E92BF93613000633BF /* MailView.swift */; };
		DF55E4F82BFC310C000633BF /* DraftJobListView.swift in Sources */ = {isa = PBXBuildFile; fileRef = DF55E4F72BFC310C000633BF /* DraftJobListView.swift */; };
		DF55E4FA2BFDA028000633BF /* CheckboxRowView.swift in Sources */ = {isa = PBXBuildFile; fileRef = DF55E4F92BFDA028000633BF /* CheckboxRowView.swift */; };
/* End PBXBuildFile section */

/* Begin PBXContainerItemProxy section */
		DF4DB5B62BF7905A003FA949 /* PBXContainerItemProxy */ = {
			isa = PBXContainerItemProxy;
			containerPortal = DF4DB59D2BF79058003FA949 /* Project object */;
			proxyType = 1;
			remoteGlobalIDString = DF4DB5A42BF79058003FA949;
			remoteInfo = muglan;
		};
		DF4DB5C02BF7905A003FA949 /* PBXContainerItemProxy */ = {
			isa = PBXContainerItemProxy;
			containerPortal = DF4DB59D2BF79058003FA949 /* Project object */;
			proxyType = 1;
			remoteGlobalIDString = DF4DB5A42BF79058003FA949;
			remoteInfo = muglan;
		};
/* End PBXContainerItemProxy section */

/* Begin PBXFileReference section */
		DF4DB5A52BF79058003FA949 /* muglan.app */ = {isa = PBXFileReference; explicitFileType = wrapper.application; includeInIndex = 0; path = muglan.app; sourceTree = BUILT_PRODUCTS_DIR; };
		DF4DB5A82BF79058003FA949 /* muglanApp.swift */ = {isa = PBXFileReference; lastKnownFileType = sourcecode.swift; path = muglanApp.swift; sourceTree = "<group>"; };
		DF4DB5AA2BF79058003FA949 /* MainView.swift */ = {isa = PBXFileReference; lastKnownFileType = sourcecode.swift; path = MainView.swift; sourceTree = "<group>"; };
		DF4DB5AC2BF7905A003FA949 /* Assets.xcassets */ = {isa = PBXFileReference; lastKnownFileType = folder.assetcatalog; path = Assets.xcassets; sourceTree = "<group>"; };
		DF4DB5AF2BF7905A003FA949 /* Preview Assets.xcassets */ = {isa = PBXFileReference; lastKnownFileType = folder.assetcatalog; path = "Preview Assets.xcassets"; sourceTree = "<group>"; };
		DF4DB5B52BF7905A003FA949 /* muglanTests.xctest */ = {isa = PBXFileReference; explicitFileType = wrapper.cfbundle; includeInIndex = 0; path = muglanTests.xctest; sourceTree = BUILT_PRODUCTS_DIR; };
		DF4DB5B92BF7905A003FA949 /* muglanTests.swift */ = {isa = PBXFileReference; lastKnownFileType = sourcecode.swift; path = muglanTests.swift; sourceTree = "<group>"; };
		DF4DB5BF2BF7905A003FA949 /* muglanUITests.xctest */ = {isa = PBXFileReference; explicitFileType = wrapper.cfbundle; includeInIndex = 0; path = muglanUITests.xctest; sourceTree = BUILT_PRODUCTS_DIR; };
		DF4DB5C32BF7905A003FA949 /* muglanUITests.swift */ = {isa = PBXFileReference; lastKnownFileType = sourcecode.swift; path = muglanUITests.swift; sourceTree = "<group>"; };
		DF4DB5C52BF7905A003FA949 /* muglanUITestsLaunchTests.swift */ = {isa = PBXFileReference; lastKnownFileType = sourcecode.swift; path = muglanUITestsLaunchTests.swift; sourceTree = "<group>"; };
		DF4DB5D92BF7927E003FA949 /* GoogleService-Info.plist */ = {isa = PBXFileReference; fileEncoding = 4; lastKnownFileType = text.plist.xml; path = "GoogleService-Info.plist"; sourceTree = "<group>"; };
		DF4DB5DF2BF796F3003FA949 /* LoginView.swift */ = {isa = PBXFileReference; lastKnownFileType = sourcecode.swift; path = LoginView.swift; sourceTree = "<group>"; };
		DF4DB5E12BF796FD003FA949 /* SignupView.swift */ = {isa = PBXFileReference; lastKnownFileType = sourcecode.swift; path = SignupView.swift; sourceTree = "<group>"; };
		DF4DB5E32BF79717003FA949 /* JobListView.swift */ = {isa = PBXFileReference; lastKnownFileType = sourcecode.swift; path = JobListView.swift; sourceTree = "<group>"; };
		DF4DB5E52BF79721003FA949 /* AddPostView.swift */ = {isa = PBXFileReference; lastKnownFileType = sourcecode.swift; path = AddPostView.swift; sourceTree = "<group>"; };
		DF4DB5E72BF79728003FA949 /* ProfileView.swift */ = {isa = PBXFileReference; lastKnownFileType = sourcecode.swift; path = ProfileView.swift; sourceTree = "<group>"; };
		DF4DB5E92BF79733003FA949 /* JobDetailsView.swift */ = {isa = PBXFileReference; lastKnownFileType = sourcecode.swift; path = JobDetailsView.swift; sourceTree = "<group>"; };
		DF4DB5EB2BF797AC003FA949 /* ItemView.swift */ = {isa = PBXFileReference; lastKnownFileType = sourcecode.swift; path = ItemView.swift; sourceTree = "<group>"; };
		DF4DB5ED2BF7984E003FA949 /* User.swift */ = {isa = PBXFileReference; lastKnownFileType = sourcecode.swift; path = User.swift; sourceTree = "<group>"; };
		DF4DB5EF2BF79856003FA949 /* Post.swift */ = {isa = PBXFileReference; lastKnownFileType = sourcecode.swift; path = Post.swift; sourceTree = "<group>"; };
		DF4DB5F12BF798AF003FA949 /* MainViewViewModel.swift */ = {isa = PBXFileReference; lastKnownFileType = sourcecode.swift; path = MainViewViewModel.swift; sourceTree = "<group>"; };
		DF4DB5F32BF798C0003FA949 /* LoginViewViewModel.swift */ = {isa = PBXFileReference; lastKnownFileType = sourcecode.swift; path = LoginViewViewModel.swift; sourceTree = "<group>"; };
		DF4DB5F52BF798CB003FA949 /* SignupViewViewModel.swift */ = {isa = PBXFileReference; lastKnownFileType = sourcecode.swift; path = SignupViewViewModel.swift; sourceTree = "<group>"; };
		DF4DB5F72BF798D8003FA949 /* JobListViewModel.swift */ = {isa = PBXFileReference; lastKnownFileType = sourcecode.swift; path = JobListViewModel.swift; sourceTree = "<group>"; };
		DF4DB5F92BF798E5003FA949 /* AddPostViewViewModel.swift */ = {isa = PBXFileReference; lastKnownFileType = sourcecode.swift; path = AddPostViewViewModel.swift; sourceTree = "<group>"; };
		DF4DB5FB2BF798F0003FA949 /* ProfileViewViewModel.swift */ = {isa = PBXFileReference; lastKnownFileType = sourcecode.swift; path = ProfileViewViewModel.swift; sourceTree = "<group>"; };
		DF4DB5FD2BF798FC003FA949 /* JobDetailsViewViewModel.swift */ = {isa = PBXFileReference; lastKnownFileType = sourcecode.swift; path = JobDetailsViewViewModel.swift; sourceTree = "<group>"; };
		DF4DB5FF2BF7990F003FA949 /* ItemViewViewModel.swift */ = {isa = PBXFileReference; lastKnownFileType = sourcecode.swift; path = ItemViewViewModel.swift; sourceTree = "<group>"; };
		DF4DB6012BF79DCB003FA949 /* HeaderView.swift */ = {isa = PBXFileReference; lastKnownFileType = sourcecode.swift; path = HeaderView.swift; sourceTree = "<group>"; };
		DF4DB6032BF7AAC3003FA949 /* MgButton.swift */ = {isa = PBXFileReference; lastKnownFileType = sourcecode.swift; path = MgButton.swift; sourceTree = "<group>"; };
		DF4DB6052BF7B6E3003FA949 /* Extensions.swift */ = {isa = PBXFileReference; lastKnownFileType = sourcecode.swift; path = Extensions.swift; sourceTree = "<group>"; };
		DF55E4E12BF85A64000633BF /* Launch Screen.storyboard */ = {isa = PBXFileReference; lastKnownFileType = file.storyboard; path = "Launch Screen.storyboard"; sourceTree = "<group>"; };
		DF55E4E32BF8E56D000633BF /* SearchAndFilter.swift */ = {isa = PBXFileReference; lastKnownFileType = sourcecode.swift; path = SearchAndFilter.swift; sourceTree = "<group>"; };
		DF55E4E52BF907DE000633BF /* SearchView.swift */ = {isa = PBXFileReference; lastKnownFileType = sourcecode.swift; path = SearchView.swift; sourceTree = "<group>"; };
		DF55E4E92BF93613000633BF /* MailView.swift */ = {isa = PBXFileReference; lastKnownFileType = sourcecode.swift; path = MailView.swift; sourceTree = "<group>"; };
		DF55E4F72BFC310C000633BF /* DraftJobListView.swift */ = {isa = PBXFileReference; lastKnownFileType = sourcecode.swift; path = DraftJobListView.swift; sourceTree = "<group>"; };
		DF55E4F92BFDA028000633BF /* CheckboxRowView.swift */ = {isa = PBXFileReference; lastKnownFileType = sourcecode.swift; path = CheckboxRowView.swift; sourceTree = "<group>"; };
/* End PBXFileReference section */

/* Begin PBXFrameworksBuildPhase section */
		DF4DB5A22BF79058003FA949 /* Frameworks */ = {
			isa = PBXFrameworksBuildPhase;
			buildActionMask = 2147483647;
			files = (
				DF4DB5D42BF79160003FA949 /* FirebaseAuth in Frameworks */,
				DF4DB5D62BF79160003FA949 /* FirebaseFirestore in Frameworks */,
				DF4DB5D82BF79160003FA949 /* FirebaseFirestoreSwift in Frameworks */,
			);
			runOnlyForDeploymentPostprocessing = 0;
		};
		DF4DB5B22BF7905A003FA949 /* Frameworks */ = {
			isa = PBXFrameworksBuildPhase;
			buildActionMask = 2147483647;
			files = (
			);
			runOnlyForDeploymentPostprocessing = 0;
		};
		DF4DB5BC2BF7905A003FA949 /* Frameworks */ = {
			isa = PBXFrameworksBuildPhase;
			buildActionMask = 2147483647;
			files = (
			);
			runOnlyForDeploymentPostprocessing = 0;
		};
/* End PBXFrameworksBuildPhase section */

/* Begin PBXGroup section */
		DF4DB59C2BF79058003FA949 = {
			isa = PBXGroup;
			children = (
				DF4DB5A72BF79058003FA949 /* muglan */,
				DF4DB5B82BF7905A003FA949 /* muglanTests */,
				DF4DB5C22BF7905A003FA949 /* muglanUITests */,
				DF4DB5A62BF79058003FA949 /* Products */,
			);
			sourceTree = "<group>";
		};
		DF4DB5A62BF79058003FA949 /* Products */ = {
			isa = PBXGroup;
			children = (
				DF4DB5A52BF79058003FA949 /* muglan.app */,
				DF4DB5B52BF7905A003FA949 /* muglanTests.xctest */,
				DF4DB5BF2BF7905A003FA949 /* muglanUITests.xctest */,
			);
			name = Products;
			sourceTree = "<group>";
		};
		DF4DB5A72BF79058003FA949 /* muglan */ = {
			isa = PBXGroup;
			children = (
				DF4DB5DE2BF7940E003FA949 /* Other */,
				DF4DB5DD2BF793FA003FA949 /* Models */,
				DF4DB5DB2BF793C9003FA949 /* Views */,
				DF4DB5AE2BF7905A003FA949 /* Preview Content */,
			);
			path = muglan;
			sourceTree = "<group>";
		};
		DF4DB5AE2BF7905A003FA949 /* Preview Content */ = {
			isa = PBXGroup;
			children = (
				DF4DB5AF2BF7905A003FA949 /* Preview Assets.xcassets */,
			);
			path = "Preview Content";
			sourceTree = "<group>";
		};
		DF4DB5B82BF7905A003FA949 /* muglanTests */ = {
			isa = PBXGroup;
			children = (
				DF4DB5B92BF7905A003FA949 /* muglanTests.swift */,
			);
			path = muglanTests;
			sourceTree = "<group>";
		};
		DF4DB5C22BF7905A003FA949 /* muglanUITests */ = {
			isa = PBXGroup;
			children = (
				DF4DB5C32BF7905A003FA949 /* muglanUITests.swift */,
				DF4DB5C52BF7905A003FA949 /* muglanUITestsLaunchTests.swift */,
			);
			path = muglanUITests;
			sourceTree = "<group>";
		};
		DF4DB5DB2BF793C9003FA949 /* Views */ = {
			isa = PBXGroup;
			children = (
				DF55E4F62BFC30F5000633BF /* DraftJobListView */,
				DF55E4F52BFA2BA3000633BF /* MailView */,
				DF55E4F42BFA2B97000633BF /* Common */,
				DF55E4F32BFA2B7C000633BF /* PostingItemView */,
				DF55E4F22BFA2B1E000633BF /* JobPostingDetailsView */,
				DF55E4F02BFA2B01000633BF /* ProfileView */,
				DF55E4EF2BFA2AE8000633BF /* AddJobPostingView */,
				DF55E4EE2BFA2ACF000633BF /* ListingsView */,
				DF55E4ED2BFA2AB7000633BF /* SignupView */,
				DF55E4EC2BFA2AA0000633BF /* LoginView */,
				DF55E4EB2BFA2A80000633BF /* MainView */,
			);
			path = Views;
			sourceTree = "<group>";
		};
		DF4DB5DD2BF793FA003FA949 /* Models */ = {
			isa = PBXGroup;
			children = (
				DF4DB5ED2BF7984E003FA949 /* User.swift */,
				DF4DB5EF2BF79856003FA949 /* Post.swift */,
			);
			path = Models;
			sourceTree = "<group>";
		};
		DF4DB5DE2BF7940E003FA949 /* Other */ = {
			isa = PBXGroup;
			children = (
				DF4DB5AC2BF7905A003FA949 /* Assets.xcassets */,
				DF4DB5A82BF79058003FA949 /* muglanApp.swift */,
				DF4DB5D92BF7927E003FA949 /* GoogleService-Info.plist */,
				DF4DB6052BF7B6E3003FA949 /* Extensions.swift */,
				DF55E4E12BF85A64000633BF /* Launch Screen.storyboard */,
			);
			path = Other;
			sourceTree = "<group>";
		};
		DF55E4EB2BFA2A80000633BF /* MainView */ = {
			isa = PBXGroup;
			children = (
				DF4DB5F12BF798AF003FA949 /* MainViewViewModel.swift */,
				DF4DB5AA2BF79058003FA949 /* MainView.swift */,
			);
			path = MainView;
			sourceTree = "<group>";
		};
		DF55E4EC2BFA2AA0000633BF /* LoginView */ = {
			isa = PBXGroup;
			children = (
				DF4DB5F32BF798C0003FA949 /* LoginViewViewModel.swift */,
				DF4DB5DF2BF796F3003FA949 /* LoginView.swift */,
			);
			path = LoginView;
			sourceTree = "<group>";
		};
		DF55E4ED2BFA2AB7000633BF /* SignupView */ = {
			isa = PBXGroup;
			children = (
				DF4DB5F52BF798CB003FA949 /* SignupViewViewModel.swift */,
				DF4DB5E12BF796FD003FA949 /* SignupView.swift */,
			);
			path = SignupView;
			sourceTree = "<group>";
		};
		DF55E4EE2BFA2ACF000633BF /* ListingsView */ = {
			isa = PBXGroup;
			children = (
				DF55E4E32BF8E56D000633BF /* SearchAndFilter.swift */,
				DF55E4E52BF907DE000633BF /* SearchView.swift */,
				DF4DB5F72BF798D8003FA949 /* JobListViewModel.swift */,
				DF4DB5E32BF79717003FA949 /* JobListView.swift */,
			);
			path = ListingsView;
			sourceTree = "<group>";
		};
		DF55E4EF2BFA2AE8000633BF /* AddJobPostingView */ = {
			isa = PBXGroup;
			children = (
				DF4DB5F92BF798E5003FA949 /* AddPostViewViewModel.swift */,
				DF4DB5E52BF79721003FA949 /* AddPostView.swift */,
			);
			path = AddJobPostingView;
			sourceTree = "<group>";
		};
		DF55E4F02BFA2B01000633BF /* ProfileView */ = {
			isa = PBXGroup;
			children = (
				DF4DB5FB2BF798F0003FA949 /* ProfileViewViewModel.swift */,
				DF4DB5E72BF79728003FA949 /* ProfileView.swift */,
			);
			path = ProfileView;
			sourceTree = "<group>";
		};
		DF55E4F22BFA2B1E000633BF /* JobPostingDetailsView */ = {
			isa = PBXGroup;
			children = (
				DF4DB5FD2BF798FC003FA949 /* JobDetailsViewViewModel.swift */,
				DF55E4F92BFDA028000633BF /* CheckboxRowView.swift */,
				DF4DB5E92BF79733003FA949 /* JobDetailsView.swift */,
			);
			path = JobPostingDetailsView;
			sourceTree = "<group>";
		};
		DF55E4F32BFA2B7C000633BF /* PostingItemView */ = {
			isa = PBXGroup;
			children = (
				DF4DB5FF2BF7990F003FA949 /* ItemViewViewModel.swift */,
				DF4DB5EB2BF797AC003FA949 /* ItemView.swift */,
			);
			path = PostingItemView;
			sourceTree = "<group>";
		};
		DF55E4F42BFA2B97000633BF /* Common */ = {
			isa = PBXGroup;
			children = (
				DF4DB6012BF79DCB003FA949 /* HeaderView.swift */,
				DF4DB6032BF7AAC3003FA949 /* MgButton.swift */,
			);
			path = Common;
			sourceTree = "<group>";
		};
		DF55E4F52BFA2BA3000633BF /* MailView */ = {
			isa = PBXGroup;
			children = (
				DF55E4E92BF93613000633BF /* MailView.swift */,
			);
			path = MailView;
			sourceTree = "<group>";
		};
		DF55E4F62BFC30F5000633BF /* DraftJobListView */ = {
			isa = PBXGroup;
			children = (
				DF55E4F72BFC310C000633BF /* DraftJobListView.swift */,
			);
			path = DraftJobListView;
			sourceTree = "<group>";
		};
/* End PBXGroup section */

/* Begin PBXNativeTarget section */
		DF4DB5A42BF79058003FA949 /* muglan */ = {
			isa = PBXNativeTarget;
			buildConfigurationList = DF4DB5C92BF7905A003FA949 /* Build configuration list for PBXNativeTarget "muglan" */;
			buildPhases = (
				DF4DB5A12BF79058003FA949 /* Sources */,
				DF4DB5A22BF79058003FA949 /* Frameworks */,
				DF4DB5A32BF79058003FA949 /* Resources */,
			);
			buildRules = (
			);
			dependencies = (
			);
			name = muglan;
			packageProductDependencies = (
				DF4DB5D32BF79160003FA949 /* FirebaseAuth */,
				DF4DB5D52BF79160003FA949 /* FirebaseFirestore */,
				DF4DB5D72BF79160003FA949 /* FirebaseFirestoreSwift */,
			);
			productName = muglan;
			productReference = DF4DB5A52BF79058003FA949 /* muglan.app */;
			productType = "com.apple.product-type.application";
		};
		DF4DB5B42BF7905A003FA949 /* muglanTests */ = {
			isa = PBXNativeTarget;
			buildConfigurationList = DF4DB5CC2BF7905A003FA949 /* Build configuration list for PBXNativeTarget "muglanTests" */;
			buildPhases = (
				DF4DB5B12BF7905A003FA949 /* Sources */,
				DF4DB5B22BF7905A003FA949 /* Frameworks */,
				DF4DB5B32BF7905A003FA949 /* Resources */,
			);
			buildRules = (
			);
			dependencies = (
				DF4DB5B72BF7905A003FA949 /* PBXTargetDependency */,
			);
			name = muglanTests;
			productName = muglanTests;
			productReference = DF4DB5B52BF7905A003FA949 /* muglanTests.xctest */;
			productType = "com.apple.product-type.bundle.unit-test";
		};
		DF4DB5BE2BF7905A003FA949 /* muglanUITests */ = {
			isa = PBXNativeTarget;
			buildConfigurationList = DF4DB5CF2BF7905A003FA949 /* Build configuration list for PBXNativeTarget "muglanUITests" */;
			buildPhases = (
				DF4DB5BB2BF7905A003FA949 /* Sources */,
				DF4DB5BC2BF7905A003FA949 /* Frameworks */,
				DF4DB5BD2BF7905A003FA949 /* Resources */,
			);
			buildRules = (
			);
			dependencies = (
				DF4DB5C12BF7905A003FA949 /* PBXTargetDependency */,
			);
			name = muglanUITests;
			productName = muglanUITests;
			productReference = DF4DB5BF2BF7905A003FA949 /* muglanUITests.xctest */;
			productType = "com.apple.product-type.bundle.ui-testing";
		};
/* End PBXNativeTarget section */

/* Begin PBXProject section */
		DF4DB59D2BF79058003FA949 /* Project object */ = {
			isa = PBXProject;
			attributes = {
				BuildIndependentTargetsInParallel = 1;
				LastSwiftUpdateCheck = 1540;
				LastUpgradeCheck = 1540;
				TargetAttributes = {
					DF4DB5A42BF79058003FA949 = {
						CreatedOnToolsVersion = 15.4;
					};
					DF4DB5B42BF7905A003FA949 = {
						CreatedOnToolsVersion = 15.4;
						TestTargetID = DF4DB5A42BF79058003FA949;
					};
					DF4DB5BE2BF7905A003FA949 = {
						CreatedOnToolsVersion = 15.4;
						TestTargetID = DF4DB5A42BF79058003FA949;
					};
				};
			};
			buildConfigurationList = DF4DB5A02BF79058003FA949 /* Build configuration list for PBXProject "muglan" */;
			compatibilityVersion = "Xcode 14.0";
			developmentRegion = en;
			hasScannedForEncodings = 0;
			knownRegions = (
				en,
				Base,
			);
			mainGroup = DF4DB59C2BF79058003FA949;
			packageReferences = (
				DF4DB5D22BF790EA003FA949 /* XCRemoteSwiftPackageReference "firebase-ios-sdk" */,
			);
			productRefGroup = DF4DB5A62BF79058003FA949 /* Products */;
			projectDirPath = "";
			projectRoot = "";
			targets = (
				DF4DB5A42BF79058003FA949 /* muglan */,
				DF4DB5B42BF7905A003FA949 /* muglanTests */,
				DF4DB5BE2BF7905A003FA949 /* muglanUITests */,
			);
		};
/* End PBXProject section */

/* Begin PBXResourcesBuildPhase section */
		DF4DB5A32BF79058003FA949 /* Resources */ = {
			isa = PBXResourcesBuildPhase;
			buildActionMask = 2147483647;
			files = (
				DF4DB5B02BF7905A003FA949 /* Preview Assets.xcassets in Resources */,
				DF4DB5AD2BF7905A003FA949 /* Assets.xcassets in Resources */,
				DF55E4E22BF85A64000633BF /* Launch Screen.storyboard in Resources */,
				DF4DB5DA2BF7927E003FA949 /* GoogleService-Info.plist in Resources */,
			);
			runOnlyForDeploymentPostprocessing = 0;
		};
		DF4DB5B32BF7905A003FA949 /* Resources */ = {
			isa = PBXResourcesBuildPhase;
			buildActionMask = 2147483647;
			files = (
			);
			runOnlyForDeploymentPostprocessing = 0;
		};
		DF4DB5BD2BF7905A003FA949 /* Resources */ = {
			isa = PBXResourcesBuildPhase;
			buildActionMask = 2147483647;
			files = (
			);
			runOnlyForDeploymentPostprocessing = 0;
		};
/* End PBXResourcesBuildPhase section */

/* Begin PBXSourcesBuildPhase section */
		DF4DB5A12BF79058003FA949 /* Sources */ = {
			isa = PBXSourcesBuildPhase;
			buildActionMask = 2147483647;
			files = (
				DF55E4FA2BFDA028000633BF /* CheckboxRowView.swift in Sources */,
				DF55E4E42BF8E56D000633BF /* SearchAndFilter.swift in Sources */,
				DF4DB5E22BF796FD003FA949 /* SignupView.swift in Sources */,
				DF4DB6022BF79DCB003FA949 /* HeaderView.swift in Sources */,
				DF4DB5F02BF79856003FA949 /* Post.swift in Sources */,
				DF55E4EA2BF93613000633BF /* MailView.swift in Sources */,
				DF55E4E62BF907DE000633BF /* SearchView.swift in Sources */,
				DF4DB5F22BF798AF003FA949 /* MainViewViewModel.swift in Sources */,
				DF4DB5E02BF796F3003FA949 /* LoginView.swift in Sources */,
				DF4DB5AB2BF79058003FA949 /* MainView.swift in Sources */,
				DF4DB5FE2BF798FC003FA949 /* JobDetailsViewViewModel.swift in Sources */,
				DF4DB5A92BF79058003FA949 /* muglanApp.swift in Sources */,
				DF4DB5F42BF798C0003FA949 /* LoginViewViewModel.swift in Sources */,
				DF4DB6062BF7B6E3003FA949 /* Extensions.swift in Sources */,
				DF4DB5EA2BF79733003FA949 /* JobDetailsView.swift in Sources */,
				DF4DB5E62BF79721003FA949 /* AddPostView.swift in Sources */,
				DF4DB5F62BF798CB003FA949 /* SignupViewViewModel.swift in Sources */,
				DF55E4F82BFC310C000633BF /* DraftJobListView.swift in Sources */,
				DF4DB5E82BF79728003FA949 /* ProfileView.swift in Sources */,
				DF4DB5FA2BF798E5003FA949 /* AddPostViewViewModel.swift in Sources */,
				DF4DB5F82BF798D8003FA949 /* JobListViewModel.swift in Sources */,
				DF4DB5EC2BF797AC003FA949 /* ItemView.swift in Sources */,
				DF4DB6042BF7AAC3003FA949 /* MgButton.swift in Sources */,
				DF4DB5FC2BF798F0003FA949 /* ProfileViewViewModel.swift in Sources */,
				DF4DB5EE2BF7984E003FA949 /* User.swift in Sources */,
				DF4DB6002BF7990F003FA949 /* ItemViewViewModel.swift in Sources */,
				DF4DB5E42BF79718003FA949 /* JobListView.swift in Sources */,
			);
			runOnlyForDeploymentPostprocessing = 0;
		};
		DF4DB5B12BF7905A003FA949 /* Sources */ = {
			isa = PBXSourcesBuildPhase;
			buildActionMask = 2147483647;
			files = (
				DF4DB5BA2BF7905A003FA949 /* muglanTests.swift in Sources */,
			);
			runOnlyForDeploymentPostprocessing = 0;
		};
		DF4DB5BB2BF7905A003FA949 /* Sources */ = {
			isa = PBXSourcesBuildPhase;
			buildActionMask = 2147483647;
			files = (
				DF4DB5C62BF7905A003FA949 /* muglanUITestsLaunchTests.swift in Sources */,
				DF4DB5C42BF7905A003FA949 /* muglanUITests.swift in Sources */,
			);
			runOnlyForDeploymentPostprocessing = 0;
		};
/* End PBXSourcesBuildPhase section */

/* Begin PBXTargetDependency section */
		DF4DB5B72BF7905A003FA949 /* PBXTargetDependency */ = {
			isa = PBXTargetDependency;
			target = DF4DB5A42BF79058003FA949 /* muglan */;
			targetProxy = DF4DB5B62BF7905A003FA949 /* PBXContainerItemProxy */;
		};
		DF4DB5C12BF7905A003FA949 /* PBXTargetDependency */ = {
			isa = PBXTargetDependency;
			target = DF4DB5A42BF79058003FA949 /* muglan */;
			targetProxy = DF4DB5C02BF7905A003FA949 /* PBXContainerItemProxy */;
		};
/* End PBXTargetDependency section */

/* Begin XCBuildConfiguration section */
		DF4DB5C72BF7905A003FA949 /* Debug */ = {
			isa = XCBuildConfiguration;
			buildSettings = {
				ALWAYS_SEARCH_USER_PATHS = NO;
				ASSETCATALOG_COMPILER_GENERATE_SWIFT_ASSET_SYMBOL_EXTENSIONS = YES;
				CLANG_ANALYZER_NONNULL = YES;
				CLANG_ANALYZER_NUMBER_OBJECT_CONVERSION = YES_AGGRESSIVE;
				CLANG_CXX_LANGUAGE_STANDARD = "gnu++20";
				CLANG_ENABLE_MODULES = YES;
				CLANG_ENABLE_OBJC_ARC = YES;
				CLANG_ENABLE_OBJC_WEAK = YES;
				CLANG_WARN_BLOCK_CAPTURE_AUTORELEASING = YES;
				CLANG_WARN_BOOL_CONVERSION = YES;
				CLANG_WARN_COMMA = YES;
				CLANG_WARN_CONSTANT_CONVERSION = YES;
				CLANG_WARN_DEPRECATED_OBJC_IMPLEMENTATIONS = YES;
				CLANG_WARN_DIRECT_OBJC_ISA_USAGE = YES_ERROR;
				CLANG_WARN_DOCUMENTATION_COMMENTS = YES;
				CLANG_WARN_EMPTY_BODY = YES;
				CLANG_WARN_ENUM_CONVERSION = YES;
				CLANG_WARN_INFINITE_RECURSION = YES;
				CLANG_WARN_INT_CONVERSION = YES;
				CLANG_WARN_NON_LITERAL_NULL_CONVERSION = YES;
				CLANG_WARN_OBJC_IMPLICIT_RETAIN_SELF = YES;
				CLANG_WARN_OBJC_LITERAL_CONVERSION = YES;
				CLANG_WARN_OBJC_ROOT_CLASS = YES_ERROR;
				CLANG_WARN_QUOTED_INCLUDE_IN_FRAMEWORK_HEADER = YES;
				CLANG_WARN_RANGE_LOOP_ANALYSIS = YES;
				CLANG_WARN_STRICT_PROTOTYPES = YES;
				CLANG_WARN_SUSPICIOUS_MOVE = YES;
				CLANG_WARN_UNGUARDED_AVAILABILITY = YES_AGGRESSIVE;
				CLANG_WARN_UNREACHABLE_CODE = YES;
				CLANG_WARN__DUPLICATE_METHOD_MATCH = YES;
				COPY_PHASE_STRIP = NO;
				DEBUG_INFORMATION_FORMAT = dwarf;
				ENABLE_STRICT_OBJC_MSGSEND = YES;
				ENABLE_TESTABILITY = YES;
				ENABLE_USER_SCRIPT_SANDBOXING = YES;
				GCC_C_LANGUAGE_STANDARD = gnu17;
				GCC_DYNAMIC_NO_PIC = NO;
				GCC_NO_COMMON_BLOCKS = YES;
				GCC_OPTIMIZATION_LEVEL = 0;
				GCC_PREPROCESSOR_DEFINITIONS = (
					"DEBUG=1",
					"$(inherited)",
				);
				GCC_WARN_64_TO_32_BIT_CONVERSION = YES;
				GCC_WARN_ABOUT_RETURN_TYPE = YES_ERROR;
				GCC_WARN_UNDECLARED_SELECTOR = YES;
				GCC_WARN_UNINITIALIZED_AUTOS = YES_AGGRESSIVE;
				GCC_WARN_UNUSED_FUNCTION = YES;
				GCC_WARN_UNUSED_VARIABLE = YES;
				IPHONEOS_DEPLOYMENT_TARGET = 17.5;
				LOCALIZATION_PREFERS_STRING_CATALOGS = YES;
				MTL_ENABLE_DEBUG_INFO = INCLUDE_SOURCE;
				MTL_FAST_MATH = YES;
				ONLY_ACTIVE_ARCH = YES;
				SDKROOT = iphoneos;
				SWIFT_ACTIVE_COMPILATION_CONDITIONS = "DEBUG $(inherited)";
				SWIFT_OPTIMIZATION_LEVEL = "-Onone";
			};
			name = Debug;
		};
		DF4DB5C82BF7905A003FA949 /* Release */ = {
			isa = XCBuildConfiguration;
			buildSettings = {
				ALWAYS_SEARCH_USER_PATHS = NO;
				ASSETCATALOG_COMPILER_GENERATE_SWIFT_ASSET_SYMBOL_EXTENSIONS = YES;
				CLANG_ANALYZER_NONNULL = YES;
				CLANG_ANALYZER_NUMBER_OBJECT_CONVERSION = YES_AGGRESSIVE;
				CLANG_CXX_LANGUAGE_STANDARD = "gnu++20";
				CLANG_ENABLE_MODULES = YES;
				CLANG_ENABLE_OBJC_ARC = YES;
				CLANG_ENABLE_OBJC_WEAK = YES;
				CLANG_WARN_BLOCK_CAPTURE_AUTORELEASING = YES;
				CLANG_WARN_BOOL_CONVERSION = YES;
				CLANG_WARN_COMMA = YES;
				CLANG_WARN_CONSTANT_CONVERSION = YES;
				CLANG_WARN_DEPRECATED_OBJC_IMPLEMENTATIONS = YES;
				CLANG_WARN_DIRECT_OBJC_ISA_USAGE = YES_ERROR;
				CLANG_WARN_DOCUMENTATION_COMMENTS = YES;
				CLANG_WARN_EMPTY_BODY = YES;
				CLANG_WARN_ENUM_CONVERSION = YES;
				CLANG_WARN_INFINITE_RECURSION = YES;
				CLANG_WARN_INT_CONVERSION = YES;
				CLANG_WARN_NON_LITERAL_NULL_CONVERSION = YES;
				CLANG_WARN_OBJC_IMPLICIT_RETAIN_SELF = YES;
				CLANG_WARN_OBJC_LITERAL_CONVERSION = YES;
				CLANG_WARN_OBJC_ROOT_CLASS = YES_ERROR;
				CLANG_WARN_QUOTED_INCLUDE_IN_FRAMEWORK_HEADER = YES;
				CLANG_WARN_RANGE_LOOP_ANALYSIS = YES;
				CLANG_WARN_STRICT_PROTOTYPES = YES;
				CLANG_WARN_SUSPICIOUS_MOVE = YES;
				CLANG_WARN_UNGUARDED_AVAILABILITY = YES_AGGRESSIVE;
				CLANG_WARN_UNREACHABLE_CODE = YES;
				CLANG_WARN__DUPLICATE_METHOD_MATCH = YES;
				COPY_PHASE_STRIP = NO;
				DEBUG_INFORMATION_FORMAT = "dwarf-with-dsym";
				ENABLE_NS_ASSERTIONS = NO;
				ENABLE_STRICT_OBJC_MSGSEND = YES;
				ENABLE_USER_SCRIPT_SANDBOXING = YES;
				GCC_C_LANGUAGE_STANDARD = gnu17;
				GCC_NO_COMMON_BLOCKS = YES;
				GCC_WARN_64_TO_32_BIT_CONVERSION = YES;
				GCC_WARN_ABOUT_RETURN_TYPE = YES_ERROR;
				GCC_WARN_UNDECLARED_SELECTOR = YES;
				GCC_WARN_UNINITIALIZED_AUTOS = YES_AGGRESSIVE;
				GCC_WARN_UNUSED_FUNCTION = YES;
				GCC_WARN_UNUSED_VARIABLE = YES;
				IPHONEOS_DEPLOYMENT_TARGET = 17.5;
				LOCALIZATION_PREFERS_STRING_CATALOGS = YES;
				MTL_ENABLE_DEBUG_INFO = NO;
				MTL_FAST_MATH = YES;
				SDKROOT = iphoneos;
				SWIFT_COMPILATION_MODE = wholemodule;
				VALIDATE_PRODUCT = YES;
			};
			name = Release;
		};
		DF4DB5CA2BF7905A003FA949 /* Debug */ = {
			isa = XCBuildConfiguration;
			buildSettings = {
				ASSETCATALOG_COMPILER_APPICON_NAME = AppIcon;
				ASSETCATALOG_COMPILER_GLOBAL_ACCENT_COLOR_NAME = AccentColor;
				CODE_SIGN_STYLE = Automatic;
				CURRENT_PROJECT_VERSION = 1;
				DEVELOPMENT_ASSET_PATHS = "\"muglan/Preview Content\"";
				DEVELOPMENT_TEAM = W3CV3QYVLR;
				ENABLE_PREVIEWS = YES;
				GENERATE_INFOPLIST_FILE = YES;
				INFOPLIST_KEY_CFBundleDisplayName = Muglan;
				INFOPLIST_KEY_UIApplicationSceneManifest_Generation = YES;
				INFOPLIST_KEY_UIApplicationSupportsIndirectInputEvents = YES;
				INFOPLIST_KEY_UILaunchScreen_Generation = YES;
				INFOPLIST_KEY_UILaunchStoryboardName = "Launch Screen.storyboard";
				INFOPLIST_KEY_UISupportedInterfaceOrientations = UIInterfaceOrientationPortrait;
				LD_RUNPATH_SEARCH_PATHS = (
					"$(inherited)",
					"@executable_path/Frameworks",
				);
				MARKETING_VERSION = 1.0;
				PRODUCT_BUNDLE_IDENTIFIER = com.emj.muglan;
				PRODUCT_NAME = "$(TARGET_NAME)";
				SWIFT_EMIT_LOC_STRINGS = YES;
				SWIFT_VERSION = 5.0;
				TARGETED_DEVICE_FAMILY = "1,2";
			};
			name = Debug;
		};
		DF4DB5CB2BF7905A003FA949 /* Release */ = {
			isa = XCBuildConfiguration;
			buildSettings = {
				ASSETCATALOG_COMPILER_APPICON_NAME = AppIcon;
				ASSETCATALOG_COMPILER_GLOBAL_ACCENT_COLOR_NAME = AccentColor;
				CODE_SIGN_STYLE = Automatic;
				CURRENT_PROJECT_VERSION = 1;
				DEVELOPMENT_ASSET_PATHS = "\"muglan/Preview Content\"";
				DEVELOPMENT_TEAM = W3CV3QYVLR;
				ENABLE_PREVIEWS = YES;
				GENERATE_INFOPLIST_FILE = YES;
				INFOPLIST_KEY_CFBundleDisplayName = Muglan;
				INFOPLIST_KEY_UIApplicationSceneManifest_Generation = YES;
				INFOPLIST_KEY_UIApplicationSupportsIndirectInputEvents = YES;
				INFOPLIST_KEY_UILaunchScreen_Generation = YES;
				INFOPLIST_KEY_UILaunchStoryboardName = "Launch Screen.storyboard";
				INFOPLIST_KEY_UISupportedInterfaceOrientations = UIInterfaceOrientationPortrait;
				LD_RUNPATH_SEARCH_PATHS = (
					"$(inherited)",
					"@executable_path/Frameworks",
				);
				MARKETING_VERSION = 1.0;
				PRODUCT_BUNDLE_IDENTIFIER = com.emj.muglan;
				PRODUCT_NAME = "$(TARGET_NAME)";
				SWIFT_EMIT_LOC_STRINGS = YES;
				SWIFT_VERSION = 5.0;
				TARGETED_DEVICE_FAMILY = "1,2";
			};
			name = Release;
		};
		DF4DB5CD2BF7905A003FA949 /* Debug */ = {
			isa = XCBuildConfiguration;
			buildSettings = {
				ALWAYS_EMBED_SWIFT_STANDARD_LIBRARIES = YES;
				BUNDLE_LOADER = "$(TEST_HOST)";
				CODE_SIGN_STYLE = Automatic;
				CURRENT_PROJECT_VERSION = 1;
				GENERATE_INFOPLIST_FILE = YES;
				IPHONEOS_DEPLOYMENT_TARGET = 17.5;
				MARKETING_VERSION = 1.0;
				PRODUCT_BUNDLE_IDENTIFIER = com.emj.muglanTests;
				PRODUCT_NAME = "$(TARGET_NAME)";
				SWIFT_EMIT_LOC_STRINGS = NO;
				SWIFT_VERSION = 5.0;
				TARGETED_DEVICE_FAMILY = "1,2";
				TEST_HOST = "$(BUILT_PRODUCTS_DIR)/muglan.app/$(BUNDLE_EXECUTABLE_FOLDER_PATH)/muglan";
			};
			name = Debug;
		};
		DF4DB5CE2BF7905A003FA949 /* Release */ = {
			isa = XCBuildConfiguration;
			buildSettings = {
				ALWAYS_EMBED_SWIFT_STANDARD_LIBRARIES = YES;
				BUNDLE_LOADER = "$(TEST_HOST)";
				CODE_SIGN_STYLE = Automatic;
				CURRENT_PROJECT_VERSION = 1;
				GENERATE_INFOPLIST_FILE = YES;
				IPHONEOS_DEPLOYMENT_TARGET = 17.5;
				MARKETING_VERSION = 1.0;
				PRODUCT_BUNDLE_IDENTIFIER = com.emj.muglanTests;
				PRODUCT_NAME = "$(TARGET_NAME)";
				SWIFT_EMIT_LOC_STRINGS = NO;
				SWIFT_VERSION = 5.0;
				TARGETED_DEVICE_FAMILY = "1,2";
				TEST_HOST = "$(BUILT_PRODUCTS_DIR)/muglan.app/$(BUNDLE_EXECUTABLE_FOLDER_PATH)/muglan";
			};
			name = Release;
		};
		DF4DB5D02BF7905A003FA949 /* Debug */ = {
			isa = XCBuildConfiguration;
			buildSettings = {
				ALWAYS_EMBED_SWIFT_STANDARD_LIBRARIES = YES;
				CODE_SIGN_STYLE = Automatic;
				CURRENT_PROJECT_VERSION = 1;
				GENERATE_INFOPLIST_FILE = YES;
				MARKETING_VERSION = 1.0;
				PRODUCT_BUNDLE_IDENTIFIER = com.emj.muglanUITests;
				PRODUCT_NAME = "$(TARGET_NAME)";
				SWIFT_EMIT_LOC_STRINGS = NO;
				SWIFT_VERSION = 5.0;
				TARGETED_DEVICE_FAMILY = "1,2";
				TEST_TARGET_NAME = muglan;
			};
			name = Debug;
		};
		DF4DB5D12BF7905A003FA949 /* Release */ = {
			isa = XCBuildConfiguration;
			buildSettings = {
				ALWAYS_EMBED_SWIFT_STANDARD_LIBRARIES = YES;
				CODE_SIGN_STYLE = Automatic;
				CURRENT_PROJECT_VERSION = 1;
				GENERATE_INFOPLIST_FILE = YES;
				MARKETING_VERSION = 1.0;
				PRODUCT_BUNDLE_IDENTIFIER = com.emj.muglanUITests;
				PRODUCT_NAME = "$(TARGET_NAME)";
				SWIFT_EMIT_LOC_STRINGS = NO;
				SWIFT_VERSION = 5.0;
				TARGETED_DEVICE_FAMILY = "1,2";
				TEST_TARGET_NAME = muglan;
			};
			name = Release;
		};
/* End XCBuildConfiguration section */

/* Begin XCConfigurationList section */
		DF4DB5A02BF79058003FA949 /* Build configuration list for PBXProject "muglan" */ = {
			isa = XCConfigurationList;
			buildConfigurations = (
				DF4DB5C72BF7905A003FA949 /* Debug */,
				DF4DB5C82BF7905A003FA949 /* Release */,
			);
			defaultConfigurationIsVisible = 0;
			defaultConfigurationName = Release;
		};
		DF4DB5C92BF7905A003FA949 /* Build configuration list for PBXNativeTarget "muglan" */ = {
			isa = XCConfigurationList;
			buildConfigurations = (
				DF4DB5CA2BF7905A003FA949 /* Debug */,
				DF4DB5CB2BF7905A003FA949 /* Release */,
			);
			defaultConfigurationIsVisible = 0;
			defaultConfigurationName = Release;
		};
		DF4DB5CC2BF7905A003FA949 /* Build configuration list for PBXNativeTarget "muglanTests" */ = {
			isa = XCConfigurationList;
			buildConfigurations = (
				DF4DB5CD2BF7905A003FA949 /* Debug */,
				DF4DB5CE2BF7905A003FA949 /* Release */,
			);
			defaultConfigurationIsVisible = 0;
			defaultConfigurationName = Release;
		};
		DF4DB5CF2BF7905A003FA949 /* Build configuration list for PBXNativeTarget "muglanUITests" */ = {
			isa = XCConfigurationList;
			buildConfigurations = (
				DF4DB5D02BF7905A003FA949 /* Debug */,
				DF4DB5D12BF7905A003FA949 /* Release */,
			);
			defaultConfigurationIsVisible = 0;
			defaultConfigurationName = Release;
		};
/* End XCConfigurationList section */

/* Begin XCRemoteSwiftPackageReference section */
		DF4DB5D22BF790EA003FA949 /* XCRemoteSwiftPackageReference "firebase-ios-sdk" */ = {
			isa = XCRemoteSwiftPackageReference;
			repositoryURL = "https://github.com/firebase/firebase-ios-sdk";
			requirement = {
				kind = upToNextMajorVersion;
				minimumVersion = 10.26.0;
			};
		};
/* End XCRemoteSwiftPackageReference section */

/* Begin XCSwiftPackageProductDependency section */
		DF4DB5D32BF79160003FA949 /* FirebaseAuth */ = {
			isa = XCSwiftPackageProductDependency;
			package = DF4DB5D22BF790EA003FA949 /* XCRemoteSwiftPackageReference "firebase-ios-sdk" */;
			productName = FirebaseAuth;
		};
		DF4DB5D52BF79160003FA949 /* FirebaseFirestore */ = {
			isa = XCSwiftPackageProductDependency;
			package = DF4DB5D22BF790EA003FA949 /* XCRemoteSwiftPackageReference "firebase-ios-sdk" */;
			productName = FirebaseFirestore;
		};
		DF4DB5D72BF79160003FA949 /* FirebaseFirestoreSwift */ = {
			isa = XCSwiftPackageProductDependency;
			package = DF4DB5D22BF790EA003FA949 /* XCRemoteSwiftPackageReference "firebase-ios-sdk" */;
			productName = FirebaseFirestoreSwift;
		};
/* End XCSwiftPackageProductDependency section */
	};
	rootObject = DF4DB59D2BF79058003FA949 /* Project object */;
}
